
Microsoft Visual Studio Solution File, Format Version 12.00
# Visual Studio Version 16
VisualStudioVersion = 16.0.32126.315
MinimumVisualStudioVersion = 10.0.40219.1
Project("{FAE04EC0-301F-11D3-BF4B-00C04F79EFBC}") = "StringCalculatorSpecs", "StringCalculatorSpecs\StringCalculatorSpecs.csproj", "{E6CEF5B1-D85B-4EDB-AAB5-EE2B291A0364}"
EndProject
Global
	GlobalSection(SolutionConfigurationPlatforms) = preSolution
		Debug|Any CPU = Debug|Any CPU
		Release|Any CPU = Release|Any CPU
	EndGlobalSection
	GlobalSection(ProjectConfigurationPlatforms) = postSolution
		{E6CEF5B1-D85B-4EDB-AAB5-EE2B291A0364}.Debug|Any CPU.ActiveCfg = Debug|Any CPU
		{E6CEF5B1-D85B-4EDB-AAB5-EE2B291A0364}.Debug|Any CPU.Build.0 = Debug|Any CPU
		{E6CEF5B1-D85B-4EDB-AAB5-EE2B291A0364}.Release|Any CPU.ActiveCfg = Release|Any CPU
		{E6CEF5B1-D85B-4EDB-AAB5-EE2B291A0364}.Release|Any CPU.Build.0 = Release|Any CPU
	EndGlobalSection
	GlobalSection(SolutionProperties) = preSolution
		HideSolutionNode = FALSE
	EndGlobalSection
	GlobalSection(ExtensibilityGlobals) = postSolution
		SolutionGuid = {D3C9185F-9606-4C16-8A90-37F05BF3B7A4}
	EndGlobalSection
EndGlobal
